
Microsoft Visual Studio Solution File, Format Version 12.00
# Visual Studio 2013
VisualStudioVersion = 12.0.31101.0
MinimumVisualStudioVersion = 10.0.40219.1
Project("{FAE04EC0-301F-11D3-BF4B-00C04F79EFBC}") = "TestNHibernate", "TestNHibernate\TestNHibernate.csproj", "{3D0B8339-4D66-40C6-9CF4-18842FAFD788}"
EndProject
Project("{FAE04EC0-301F-11D3-BF4B-00C04F79EFBC}") = "Classes", "Classes\Classes.csproj", "{78419465-CBC0-4BFD-8563-E53C70E267B5}"
EndProject
Project("{FAE04EC0-301F-11D3-BF4B-00C04F79EFBC}") = "UnitTestProject1", "UnitTestProject1\UnitTestProject1.csproj", "{4CA1F847-C331-44F9-A7D5-8485A1FB5B1E}"
EndProject
Global
	GlobalSection(SolutionConfigurationPlatforms) = preSolution
		Debug|Any CPU = Debug|Any CPU
		Release|Any CPU = Release|Any CPU
	EndGlobalSection
	GlobalSection(ProjectConfigurationPlatforms) = postSolution
		{3D0B8339-4D66-40C6-9CF4-18842FAFD788}.Debug|Any CPU.ActiveCfg = Debug|Any CPU
		{3D0B8339-4D66-40C6-9CF4-18842FAFD788}.Debug|Any CPU.Build.0 = Debug|Any CPU
		{3D0B8339-4D66-40C6-9CF4-18842FAFD788}.Release|Any CPU.ActiveCfg = Release|Any CPU
		{3D0B8339-4D66-40C6-9CF4-18842FAFD788}.Release|Any CPU.Build.0 = Release|Any CPU
		{78419465-CBC0-4BFD-8563-E53C70E267B5}.Debug|Any CPU.ActiveCfg = Debug|Any CPU
		{78419465-CBC0-4BFD-8563-E53C70E267B5}.Debug|Any CPU.Build.0 = Debug|Any CPU
		{78419465-CBC0-4BFD-8563-E53C70E267B5}.Release|Any CPU.ActiveCfg = Release|Any CPU
		{78419465-CBC0-4BFD-8563-E53C70E267B5}.Release|Any CPU.Build.0 = Release|Any CPU
		{4CA1F847-C331-44F9-A7D5-8485A1FB5B1E}.Debug|Any CPU.ActiveCfg = Debug|Any CPU
		{4CA1F847-C331-44F9-A7D5-8485A1FB5B1E}.Debug|Any CPU.Build.0 = Debug|Any CPU
		{4CA1F847-C331-44F9-A7D5-8485A1FB5B1E}.Release|Any CPU.ActiveCfg = Release|Any CPU
		{4CA1F847-C331-44F9-A7D5-8485A1FB5B1E}.Release|Any CPU.Build.0 = Release|Any CPU
	EndGlobalSection
	GlobalSection(SolutionProperties) = preSolution
		HideSolutionNode = FALSE
	EndGlobalSection
EndGlobal
